
Microsoft Visual Studio Solution File, Format Version 11.00
# Visual Studio 2010
Project("{FAE04EC0-301F-11D3-BF4B-00C04F79EFBC}") = "lab05", "lab05\lab05.csproj", "{8D513F55-7743-409E-A431-AE441C3160FA}"
EndProject
Global
	GlobalSection(SolutionConfigurationPlatforms) = preSolution
		Debug|Any CPU = Debug|Any CPU
		Release|Any CPU = Release|Any CPU
	EndGlobalSection
	GlobalSection(ProjectConfigurationPlatforms) = postSolution
		{8D513F55-7743-409E-A431-AE441C3160FA}.Debug|Any CPU.ActiveCfg = Debug|Any CPU
		{8D513F55-7743-409E-A431-AE441C3160FA}.Debug|Any CPU.Build.0 = Debug|Any CPU
		{8D513F55-7743-409E-A431-AE441C3160FA}.Release|Any CPU.ActiveCfg = Release|Any CPU
		{8D513F55-7743-409E-A431-AE441C3160FA}.Release|Any CPU.Build.0 = Release|Any CPU
	EndGlobalSection
	GlobalSection(SolutionProperties) = preSolution
		HideSolutionNode = FALSE
	EndGlobalSection
EndGlobal
